
Microsoft Visual Studio Solution File, Format Version 12.00
# Visual Studio Version 16
VisualStudioVersion = 16.0.31005.135
MinimumVisualStudioVersion = 10.0.40219.1
Project("{9A19103F-16F7-4668-BE54-9A1E7A4F7556}") = "FillBddConsole", "FillBddConsole\FillBddConsole.csproj", "{97461678-D32D-4178-B691-6CCCDD4B934C}"
EndProject
Project("{9A19103F-16F7-4668-BE54-9A1E7A4F7556}") = "FillDbLibrary", "FillDbLibrary\FillDbLibrary.csproj", "{259F3C98-5D90-4621-8242-D44CC38F774B}"
EndProject
Project("{9A19103F-16F7-4668-BE54-9A1E7A4F7556}") = "FillDbLibraryTests", "FillDbLibraryTests\FillDbLibraryTests.csproj", "{3A6E2702-40E1-4F3C-ADDC-17EFC6A6A6EF}"
EndProject
Project("{2150E333-8FDC-42A3-9474-1A3956D46DE8}") = "Solution Items", "Solution Items", "{6CEF9147-2D48-41EF-9C13-7FF9FE2F5A01}"
	ProjectSection(SolutionItems) = preProject
		ReadMe.md = ReadMe.md
	EndProjectSection
EndProject
Global
	GlobalSection(SolutionConfigurationPlatforms) = preSolution
		Debug|Any CPU = Debug|Any CPU
		Release|Any CPU = Release|Any CPU
	EndGlobalSection
	GlobalSection(ProjectConfigurationPlatforms) = postSolution
		{97461678-D32D-4178-B691-6CCCDD4B934C}.Debug|Any CPU.ActiveCfg = Debug|Any CPU
		{97461678-D32D-4178-B691-6CCCDD4B934C}.Debug|Any CPU.Build.0 = Debug|Any CPU
		{97461678-D32D-4178-B691-6CCCDD4B934C}.Release|Any CPU.ActiveCfg = Release|Any CPU
		{97461678-D32D-4178-B691-6CCCDD4B934C}.Release|Any CPU.Build.0 = Release|Any CPU
		{259F3C98-5D90-4621-8242-D44CC38F774B}.Debug|Any CPU.ActiveCfg = Debug|Any CPU
		{259F3C98-5D90-4621-8242-D44CC38F774B}.Debug|Any CPU.Build.0 = Debug|Any CPU
		{259F3C98-5D90-4621-8242-D44CC38F774B}.Release|Any CPU.ActiveCfg = Release|Any CPU
		{259F3C98-5D90-4621-8242-D44CC38F774B}.Release|Any CPU.Build.0 = Release|Any CPU
		{3A6E2702-40E1-4F3C-ADDC-17EFC6A6A6EF}.Debug|Any CPU.ActiveCfg = Debug|Any CPU
		{3A6E2702-40E1-4F3C-ADDC-17EFC6A6A6EF}.Debug|Any CPU.Build.0 = Debug|Any CPU
		{3A6E2702-40E1-4F3C-ADDC-17EFC6A6A6EF}.Release|Any CPU.ActiveCfg = Release|Any CPU
		{3A6E2702-40E1-4F3C-ADDC-17EFC6A6A6EF}.Release|Any CPU.Build.0 = Release|Any CPU
	EndGlobalSection
	GlobalSection(SolutionProperties) = preSolution
		HideSolutionNode = FALSE
	EndGlobalSection
	GlobalSection(ExtensibilityGlobals) = postSolution
		SolutionGuid = {0A3EDCA0-0BA1-4876-9679-788DBE4A1E38}
	EndGlobalSection
EndGlobal
